// !$*UTF8*$!
{
	archiveVersion = 1;
	classes = {};
	objectVersion = 56;
	objects = {

/* Begin PBXBuildFile section */
		C483C7ECB6E54E89822C716F /* TropaymentMerchantApp.swift in Sources */ = {isa = PBXBuildFile; fileRef = 3B68C189035449E79368D2C4 /* TropaymentMerchantApp.swift */; };
		CC1A3917283F4CD18759A984 /* RootView.swift in Sources */ = {isa = PBXBuildFile; fileRef = BCDFD9CA9D394ABEADE17428 /* RootView.swift */; };
		F0BF61DCBF2B49148C52E81C /* AppConfiguration.swift in Sources */ = {isa = PBXBuildFile; fileRef = B6CB90C2DF2A4CFF96B9C453 /* AppConfiguration.swift */; };
		05A2C17D2E11406ABD268FC7 /* APIClient.swift in Sources */ = {isa = PBXBuildFile; fileRef = 100B3DCBD60048DFB252F997 /* APIClient.swift */; };
		53AB6BEC99B74759A14AE8B5 /* APIError.swift in Sources */ = {isa = PBXBuildFile; fileRef = E22208FE84F24F7BBA9C7E09 /* APIError.swift */; };
		8DF32C475B944A1C9B2F7F65 /* APIRequest.swift in Sources */ = {isa = PBXBuildFile; fileRef = E585221C42F0466C99C5E31F /* APIRequest.swift */; };
		589CAC0FAB614D878421A8DA /* KeychainManager.swift in Sources */ = {isa = PBXBuildFile; fileRef = C47C52F5FBAE4B68A2DE7142 /* KeychainManager.swift */; };
		A760D7CFA2744591BAFC2165 /* BiometricManager.swift in Sources */ = {isa = PBXBuildFile; fileRef = D10B0A1CEED04698A9279D09 /* BiometricManager.swift */; };
		4AC0A6C45C634F348FCB7490 /* AppSession.swift in Sources */ = {isa = PBXBuildFile; fileRef = 8EB3D5FFE4FC4F30A800EC60 /* AppSession.swift */; };
		D25BB8183A5F482BB8549434 /* User.swift in Sources */ = {isa = PBXBuildFile; fileRef = 2A21DE50EFD7439BACB13948 /* User.swift */; };
		1ABB979E6235468FA8E87098 /* AuthModels.swift in Sources */ = {isa = PBXBuildFile; fileRef = 014460F28FAD4BCDA65C65BA /* AuthModels.swift */; };
		AABE7D23D9894364A342991C /* AuthService.swift in Sources */ = {isa = PBXBuildFile; fileRef = A704339BD9BE4440A9D84731 /* AuthService.swift */; };
		BD37BA0920B2422A94EB96BC /* AuthViewModel.swift in Sources */ = {isa = PBXBuildFile; fileRef = 17FE0EC907794E82BECCDE01 /* AuthViewModel.swift */; };
		0CEEC3CE24E9431182D18E90 /* LoginView.swift in Sources */ = {isa = PBXBuildFile; fileRef = E59C141C359548DF8B7555E5 /* LoginView.swift */; };
		FE9E0F16B57E497285D729AF /* TwoFactorView.swift in Sources */ = {isa = PBXBuildFile; fileRef = DC202C84CC9A4C909B2CAB17 /* TwoFactorView.swift */; };
		94719B8A7C844593ADB460C0 /* ForgotPasswordView.swift in Sources */ = {isa = PBXBuildFile; fileRef = DB50C1601EF648E4852D3049 /* ForgotPasswordView.swift */; };
		9B62BE05BBA2412AB12E30BA /* MainTabView.swift in Sources */ = {isa = PBXBuildFile; fileRef = 6F0230B3C89440299658A16E /* MainTabView.swift */; };
		7FB261BC300A4D7E995FAF58 /* DashboardPlaceholderView.swift in Sources */ = {isa = PBXBuildFile; fileRef = 59CAA72247CB434FAD4145C4 /* DashboardPlaceholderView.swift */; };
		37BCCC56B5954678B0424AA6 /* PaymentsPlaceholderView.swift in Sources */ = {isa = PBXBuildFile; fileRef = 69F48BCD1B74464A86283B93 /* PaymentsPlaceholderView.swift */; };
		9D51EEDE5E9C4FA3BD03F793 /* TransactionsPlaceholderView.swift in Sources */ = {isa = PBXBuildFile; fileRef = 35F60801D04C4CF3ACAAC726 /* TransactionsPlaceholderView.swift */; };
		26709C7A71AB4EC58863C314 /* WalletPlaceholderView.swift in Sources */ = {isa = PBXBuildFile; fileRef = 94C4244CA4CD45819F2052AC /* WalletPlaceholderView.swift */; };
		3517C9A00BB947288B321971 /* SettingsPlaceholderView.swift in Sources */ = {isa = PBXBuildFile; fileRef = F52A9C3DBC09435FA0F1EA7D /* SettingsPlaceholderView.swift */; };
		16622DDF2CE441D9B5F8D488 /* Colors.swift in Sources */ = {isa = PBXBuildFile; fileRef = FB33DCEA5E5E48C987FC07D6 /* Colors.swift */; };
		4328660FBBFF49F888B66B3E /* Typography.swift in Sources */ = {isa = PBXBuildFile; fileRef = 1E7A1C6BFB6D415686A539E3 /* Typography.swift */; };
		FBDCEEECA77042C9BC0F641F /* Spacing.swift in Sources */ = {isa = PBXBuildFile; fileRef = A7A164D82EFE44E186978475 /* Spacing.swift */; };
		60943343DADE4F0A85367EC5 /* PrimaryButton.swift in Sources */ = {isa = PBXBuildFile; fileRef = 22219BE152D3431DAA730BFC /* PrimaryButton.swift */; };
		D6491D6E74384DD29F31E8BE /* SecondaryButton.swift in Sources */ = {isa = PBXBuildFile; fileRef = FDDF0B00CAD94E858D8918C2 /* SecondaryButton.swift */; };
		B8B44005BF0244729DEFDAD5 /* Card.swift in Sources */ = {isa = PBXBuildFile; fileRef = 8CA319DB522B4BE1B0B00DC1 /* Card.swift */; };
		DA214019447E4E549863918F /* TropaymentTextField.swift in Sources */ = {isa = PBXBuildFile; fileRef = E3B2CDCCEEDB47BCACD77F81 /* TropaymentTextField.swift */; };
		B806B6FEF65C417C8BEC9C6E /* LoadingView.swift in Sources */ = {isa = PBXBuildFile; fileRef = EF387691823246CAB6AC26E3 /* LoadingView.swift */; };
		6A2800A9DA904E4BB70086D6 /* ErrorView.swift in Sources */ = {isa = PBXBuildFile; fileRef = B0C94B5C50E84C85A579F6AE /* ErrorView.swift */; };
		B5B9C0590C02450CAC90BA7C /* EmptyState.swift in Sources */ = {isa = PBXBuildFile; fileRef = 14224D8486C14B39A49337E8 /* EmptyState.swift */; };
		5AEE3594FC074D0194CF0111 /* StatusBadge.swift in Sources */ = {isa = PBXBuildFile; fileRef = 23AEE6D620FE4E698ECF705F /* StatusBadge.swift */; };
		3A99A50199114919BF11978F /* Assets.xcassets in Resources */ = {isa = PBXBuildFile; fileRef = F00DFA5D942E45D1A7E1B13B /* Assets.xcassets */; };
		88601AF422144C51B175E5D5 /* Localizable.xcstrings in Resources */ = {isa = PBXBuildFile; fileRef = 635381EDC3DC4D208F6C001B /* Localizable.xcstrings */; };
/* End PBXBuildFile section */

/* Begin PBXFileReference section */
		7EB3CDC1B82D4CFB94BC1E3D /* TropaymentMerchant.app */ = {isa = PBXFileReference; explicitFileType = wrapper.application; includeInIndex = 0; path = TropaymentMerchant.app; sourceTree = BUILT_PRODUCTS_DIR; };
		3B68C189035449E79368D2C4 /* TropaymentMerchantApp.swift */ = {isa = PBXFileReference; lastKnownFileType = sourcecode.swift; path = TropaymentMerchantApp.swift; sourceTree = "<group>"; };
		BCDFD9CA9D394ABEADE17428 /* RootView.swift */ = {isa = PBXFileReference; lastKnownFileType = sourcecode.swift; path = RootView.swift; sourceTree = "<group>"; };
		B6CB90C2DF2A4CFF96B9C453 /* AppConfiguration.swift */ = {isa = PBXFileReference; lastKnownFileType = sourcecode.swift; path = AppConfiguration.swift; sourceTree = "<group>"; };
		100B3DCBD60048DFB252F997 /* APIClient.swift */ = {isa = PBXFileReference; lastKnownFileType = sourcecode.swift; path = APIClient.swift; sourceTree = "<group>"; };
		E22208FE84F24F7BBA9C7E09 /* APIError.swift */ = {isa = PBXFileReference; lastKnownFileType = sourcecode.swift; path = APIError.swift; sourceTree = "<group>"; };
		E585221C42F0466C99C5E31F /* APIRequest.swift */ = {isa = PBXFileReference; lastKnownFileType = sourcecode.swift; path = APIRequest.swift; sourceTree = "<group>"; };
		C47C52F5FBAE4B68A2DE7142 /* KeychainManager.swift */ = {isa = PBXFileReference; lastKnownFileType = sourcecode.swift; path = KeychainManager.swift; sourceTree = "<group>"; };
		D10B0A1CEED04698A9279D09 /* BiometricManager.swift */ = {isa = PBXFileReference; lastKnownFileType = sourcecode.swift; path = BiometricManager.swift; sourceTree = "<group>"; };
		8EB3D5FFE4FC4F30A800EC60 /* AppSession.swift */ = {isa = PBXFileReference; lastKnownFileType = sourcecode.swift; path = AppSession.swift; sourceTree = "<group>"; };
		2A21DE50EFD7439BACB13948 /* User.swift */ = {isa = PBXFileReference; lastKnownFileType = sourcecode.swift; path = User.swift; sourceTree = "<group>"; };
		014460F28FAD4BCDA65C65BA /* AuthModels.swift */ = {isa = PBXFileReference; lastKnownFileType = sourcecode.swift; path = AuthModels.swift; sourceTree = "<group>"; };
		A704339BD9BE4440A9D84731 /* AuthService.swift */ = {isa = PBXFileReference; lastKnownFileType = sourcecode.swift; path = AuthService.swift; sourceTree = "<group>"; };
		17FE0EC907794E82BECCDE01 /* AuthViewModel.swift */ = {isa = PBXFileReference; lastKnownFileType = sourcecode.swift; path = AuthViewModel.swift; sourceTree = "<group>"; };
		E59C141C359548DF8B7555E5 /* LoginView.swift */ = {isa = PBXFileReference; lastKnownFileType = sourcecode.swift; path = LoginView.swift; sourceTree = "<group>"; };
		DC202C84CC9A4C909B2CAB17 /* TwoFactorView.swift */ = {isa = PBXFileReference; lastKnownFileType = sourcecode.swift; path = TwoFactorView.swift; sourceTree = "<group>"; };
		DB50C1601EF648E4852D3049 /* ForgotPasswordView.swift */ = {isa = PBXFileReference; lastKnownFileType = sourcecode.swift; path = ForgotPasswordView.swift; sourceTree = "<group>"; };
		6F0230B3C89440299658A16E /* MainTabView.swift */ = {isa = PBXFileReference; lastKnownFileType = sourcecode.swift; path = MainTabView.swift; sourceTree = "<group>"; };
		59CAA72247CB434FAD4145C4 /* DashboardPlaceholderView.swift */ = {isa = PBXFileReference; lastKnownFileType = sourcecode.swift; path = DashboardPlaceholderView.swift; sourceTree = "<group>"; };
		69F48BCD1B74464A86283B93 /* PaymentsPlaceholderView.swift */ = {isa = PBXFileReference; lastKnownFileType = sourcecode.swift; path = PaymentsPlaceholderView.swift; sourceTree = "<group>"; };
		35F60801D04C4CF3ACAAC726 /* TransactionsPlaceholderView.swift */ = {isa = PBXFileReference; lastKnownFileType = sourcecode.swift; path = TransactionsPlaceholderView.swift; sourceTree = "<group>"; };
		94C4244CA4CD45819F2052AC /* WalletPlaceholderView.swift */ = {isa = PBXFileReference; lastKnownFileType = sourcecode.swift; path = WalletPlaceholderView.swift; sourceTree = "<group>"; };
		F52A9C3DBC09435FA0F1EA7D /* SettingsPlaceholderView.swift */ = {isa = PBXFileReference; lastKnownFileType = sourcecode.swift; path = SettingsPlaceholderView.swift; sourceTree = "<group>"; };
		FB33DCEA5E5E48C987FC07D6 /* Colors.swift */ = {isa = PBXFileReference; lastKnownFileType = sourcecode.swift; path = Colors.swift; sourceTree = "<group>"; };
		1E7A1C6BFB6D415686A539E3 /* Typography.swift */ = {isa = PBXFileReference; lastKnownFileType = sourcecode.swift; path = Typography.swift; sourceTree = "<group>"; };
		A7A164D82EFE44E186978475 /* Spacing.swift */ = {isa = PBXFileReference; lastKnownFileType = sourcecode.swift; path = Spacing.swift; sourceTree = "<group>"; };
		22219BE152D3431DAA730BFC /* PrimaryButton.swift */ = {isa = PBXFileReference; lastKnownFileType = sourcecode.swift; path = PrimaryButton.swift; sourceTree = "<group>"; };
		FDDF0B00CAD94E858D8918C2 /* SecondaryButton.swift */ = {isa = PBXFileReference; lastKnownFileType = sourcecode.swift; path = SecondaryButton.swift; sourceTree = "<group>"; };
		8CA319DB522B4BE1B0B00DC1 /* Card.swift */ = {isa = PBXFileReference; lastKnownFileType = sourcecode.swift; path = Card.swift; sourceTree = "<group>"; };
		E3B2CDCCEEDB47BCACD77F81 /* TropaymentTextField.swift */ = {isa = PBXFileReference; lastKnownFileType = sourcecode.swift; path = TropaymentTextField.swift; sourceTree = "<group>"; };
		EF387691823246CAB6AC26E3 /* LoadingView.swift */ = {isa = PBXFileReference; lastKnownFileType = sourcecode.swift; path = LoadingView.swift; sourceTree = "<group>"; };
		B0C94B5C50E84C85A579F6AE /* ErrorView.swift */ = {isa = PBXFileReference; lastKnownFileType = sourcecode.swift; path = ErrorView.swift; sourceTree = "<group>"; };
		14224D8486C14B39A49337E8 /* EmptyState.swift */ = {isa = PBXFileReference; lastKnownFileType = sourcecode.swift; path = EmptyState.swift; sourceTree = "<group>"; };
		23AEE6D620FE4E698ECF705F /* StatusBadge.swift */ = {isa = PBXFileReference; lastKnownFileType = sourcecode.swift; path = StatusBadge.swift; sourceTree = "<group>"; };
		F00DFA5D942E45D1A7E1B13B /* Assets.xcassets */ = {isa = PBXFileReference; lastKnownFileType = folder.assetcatalog; path = Assets.xcassets; sourceTree = "<group>"; };
		635381EDC3DC4D208F6C001B /* Localizable.xcstrings */ = {isa = PBXFileReference; lastKnownFileType = text.json.xcstrings; path = Localizable.xcstrings; sourceTree = "<group>"; };
/* End PBXFileReference section */

/* Begin PBXFrameworksBuildPhase section */
		5C962A1F7964473AB48EE8CA /* Frameworks */ = {
			isa = PBXFrameworksBuildPhase;
			buildActionMask = 2147483647;
			files = (
			);
			runOnlyForDeploymentPostprocessing = 0;
		};
/* End PBXFrameworksBuildPhase section */

/* Begin PBXGroup section */
		66325EFA90874481B9675987 /* TropaymentMerchantProject */ = {
			isa = PBXGroup;
			children = (
				CEDFF3E6A30544C89C9B8793,
				8F13824D0A384C6C8E6C1DB6,
			);
			sourceTree = "<group>";
		};
		8F13824D0A384C6C8E6C1DB6 /* Products */ = {
			isa = PBXGroup;
			children = (
				7EB3CDC1B82D4CFB94BC1E3D,
			);
			name = Products;
		};
		CEDFF3E6A30544C89C9B8793 /* TropaymentMerchant */ = {
			isa = PBXGroup;
			children = (
				BD3B7458108A4FA1B82EC537,
				2C9504CBA13C4AF698DC41D8,
				F55BBD0F44D142D9AAF6947B,
				A5A8F284B6C34BFB85BE9DD0,
				2EC5E4783700474AA963089F,
				54322853DE7A4232A7F16E69,
				3263CD46EFE042108001A399,
			);
			path = TropaymentMerchant;
			sourceTree = "<group>";
		};
		BD3B7458108A4FA1B82EC537 /* App */ = {
			isa = PBXGroup;
			children = (
				3B68C189035449E79368D2C4 /* TropaymentMerchantApp.swift */,
				BCDFD9CA9D394ABEADE17428 /* RootView.swift */,
			);
			path = App;
			sourceTree = "<group>";
		};
		5AB6003CC8F942D2A16FC395 /* Config */ = {
			isa = PBXGroup;
			children = (
				B6CB90C2DF2A4CFF96B9C453 /* AppConfiguration.swift */,
			);
			path = Configuration;
			sourceTree = "<group>";
		};
		2E89912E48A74DC79B0279DC /* Network */ = {
			isa = PBXGroup;
			children = (
				100B3DCBD60048DFB252F997 /* APIClient.swift */,
				E22208FE84F24F7BBA9C7E09 /* APIError.swift */,
				E585221C42F0466C99C5E31F /* APIRequest.swift */,
			);
			path = Network;
			sourceTree = "<group>";
		};
		A2499243E2F546A08C66157C /* Security */ = {
			isa = PBXGroup;
			children = (
				C47C52F5FBAE4B68A2DE7142 /* KeychainManager.swift */,
				D10B0A1CEED04698A9279D09 /* BiometricManager.swift */,
			);
			path = Security;
			sourceTree = "<group>";
		};
		4191851F9DBC4D87B5D33BBB /* Session */ = {
			isa = PBXGroup;
			children = (
				8EB3D5FFE4FC4F30A800EC60 /* AppSession.swift */,
			);
			path = Session;
			sourceTree = "<group>";
		};
		F55BBD0F44D142D9AAF6947B /* Models */ = {
			isa = PBXGroup;
			children = (
				2A21DE50EFD7439BACB13948 /* User.swift */,
				014460F28FAD4BCDA65C65BA /* AuthModels.swift */,
			);
			path = Models;
			sourceTree = "<group>";
		};
		A5A8F284B6C34BFB85BE9DD0 /* Services */ = {
			isa = PBXGroup;
			children = (
				A704339BD9BE4440A9D84731 /* AuthService.swift */,
			);
			path = Services;
			sourceTree = "<group>";
		};
		027A066C0F144A258C88D1CD /* Auth */ = {
			isa = PBXGroup;
			children = (
				17FE0EC907794E82BECCDE01 /* AuthViewModel.swift */,
				E59C141C359548DF8B7555E5 /* LoginView.swift */,
				DC202C84CC9A4C909B2CAB17 /* TwoFactorView.swift */,
				DB50C1601EF648E4852D3049 /* ForgotPasswordView.swift */,
			);
			path = Auth;
			sourceTree = "<group>";
		};
		4C3610ACBB14416892DBCD56 /* Main */ = {
			isa = PBXGroup;
			children = (
				6F0230B3C89440299658A16E /* MainTabView.swift */,
			);
			path = Main;
			sourceTree = "<group>";
		};
		FEE2EF6BF0CE418C83FB7D80 /* Dashboard */ = {
			isa = PBXGroup;
			children = (
				59CAA72247CB434FAD4145C4 /* DashboardPlaceholderView.swift */,
			);
			path = Dashboard;
			sourceTree = "<group>";
		};
		6E6F6398C33F401CBBAEA643 /* Payments */ = {
			isa = PBXGroup;
			children = (
				69F48BCD1B74464A86283B93 /* PaymentsPlaceholderView.swift */,
			);
			path = Payments;
			sourceTree = "<group>";
		};
		AB606D12A6B4403F96107F3D /* Transactions */ = {
			isa = PBXGroup;
			children = (
				35F60801D04C4CF3ACAAC726 /* TransactionsPlaceholderView.swift */,
			);
			path = Transactions;
			sourceTree = "<group>";
		};
		1F25C4580806483294CBEBCE /* Wallet */ = {
			isa = PBXGroup;
			children = (
				94C4244CA4CD45819F2052AC /* WalletPlaceholderView.swift */,
			);
			path = Wallet;
			sourceTree = "<group>";
		};
		E005ADDAFE2047F6B02A0181 /* Settings */ = {
			isa = PBXGroup;
			children = (
				F52A9C3DBC09435FA0F1EA7D /* SettingsPlaceholderView.swift */,
			);
			path = Settings;
			sourceTree = "<group>";
		};
		79D0946D58354E2B81BBE208 /* Components */ = {
			isa = PBXGroup;
			children = (
				22219BE152D3431DAA730BFC /* PrimaryButton.swift */,
				FDDF0B00CAD94E858D8918C2 /* SecondaryButton.swift */,
				8CA319DB522B4BE1B0B00DC1 /* Card.swift */,
				E3B2CDCCEEDB47BCACD77F81 /* TropaymentTextField.swift */,
				EF387691823246CAB6AC26E3 /* LoadingView.swift */,
				B0C94B5C50E84C85A579F6AE /* ErrorView.swift */,
				14224D8486C14B39A49337E8 /* EmptyState.swift */,
				23AEE6D620FE4E698ECF705F /* StatusBadge.swift */,
			);
			path = Components;
			sourceTree = "<group>";
		};
		2C9504CBA13C4AF698DC41D8 /* Core */ = {
			isa = PBXGroup;
			children = (
				2E89912E48A74DC79B0279DC,
				A2499243E2F546A08C66157C,
				5AB6003CC8F942D2A16FC395,
				4191851F9DBC4D87B5D33BBB,
			);
			path = Core;
			sourceTree = "<group>";
		};
		2EC5E4783700474AA963089F /* Features */ = {
			isa = PBXGroup;
			children = (
				027A066C0F144A258C88D1CD,
				4C3610ACBB14416892DBCD56,
				FEE2EF6BF0CE418C83FB7D80,
				6E6F6398C33F401CBBAEA643,
				AB606D12A6B4403F96107F3D,
				1F25C4580806483294CBEBCE,
				E005ADDAFE2047F6B02A0181,
			);
			path = Features;
			sourceTree = "<group>";
		};
		54322853DE7A4232A7F16E69 /* DesignSystem */ = {
			isa = PBXGroup;
			children = (
				FB33DCEA5E5E48C987FC07D6 /* Colors.swift */,
				1E7A1C6BFB6D415686A539E3 /* Typography.swift */,
				A7A164D82EFE44E186978475 /* Spacing.swift */,
				79D0946D58354E2B81BBE208,
			);
			path = DesignSystem;
			sourceTree = "<group>";
		};
		3263CD46EFE042108001A399 /* Resources */ = {
			isa = PBXGroup;
			children = (
				F00DFA5D942E45D1A7E1B13B,
				635381EDC3DC4D208F6C001B,
			);
			path = Resources;
			sourceTree = "<group>";
		};
/* End PBXGroup section */

/* Begin PBXNativeTarget section */
		092C458788974959BC19A0CE /* TropaymentMerchant */ = {
			isa = PBXNativeTarget;
			buildConfigurationList = 2B87EA8A8721484897E2215B /* Build configuration list for PBXNativeTarget "TropaymentMerchant" */;
			buildPhases = (
				72A38C54708D4D75BB745423 /* Sources */,
				5C962A1F7964473AB48EE8CA /* Frameworks */,
				7E0DDB62B61E470EA300D527 /* Resources */,
			);
			buildRules = (
			);
			dependencies = (
			);
			name = TropaymentMerchant;
			productName = TropaymentMerchant;
			productReference = 7EB3CDC1B82D4CFB94BC1E3D /* TropaymentMerchant.app */;
			productType = "com.apple.product-type.application";
		};
/* End PBXNativeTarget section */

/* Begin PBXProject section */
		3DA82CB44D6D4408BDB4C7D7 /* Project object */ = {
			isa = PBXProject;
			attributes = {
				BuildIndependentTargetsInParallel = 1;
				LastSwiftUpdateCheck = 1600;
				LastUpgradeCheck = 1600;
				TargetAttributes = {
					092C458788974959BC19A0CE = {
						CreatedOnToolsVersion = 16.0;
					};
				};
			};
			buildConfigurationList = 519B204378B448BF9ED7470D /* Build configuration list for PBXProject "TropaymentMerchant" */;
			compatibilityVersion = "Xcode 14.0";
			developmentRegion = en;
			hasScannedForEncodings = 0;
			knownRegions = (
				en,
				Base,
				ar,
				"zh-Hans",
				ko,
			);
			mainGroup = 66325EFA90874481B9675987;
			productRefGroup = 8F13824D0A384C6C8E6C1DB6 /* Products */;
			projectDirPath = "";
			projectRoot = "";
			targets = (
				092C458788974959BC19A0CE /* TropaymentMerchant */,
			);
		};
/* End PBXProject section */

/* Begin PBXResourcesBuildPhase section */
		7E0DDB62B61E470EA300D527 /* Resources */ = {
			isa = PBXResourcesBuildPhase;
			buildActionMask = 2147483647;
			files = (
				3A99A50199114919BF11978F /* Assets.xcassets in Resources */,
				88601AF422144C51B175E5D5 /* Localizable.xcstrings in Resources */,
			);
			runOnlyForDeploymentPostprocessing = 0;
		};
/* End PBXResourcesBuildPhase section */

/* Begin PBXSourcesBuildPhase section */
		72A38C54708D4D75BB745423 /* Sources */ = {
			isa = PBXSourcesBuildPhase;
			buildActionMask = 2147483647;
			files = (
				C483C7ECB6E54E89822C716F /* TropaymentMerchantApp.swift in Sources */,
				CC1A3917283F4CD18759A984 /* RootView.swift in Sources */,
				F0BF61DCBF2B49148C52E81C /* AppConfiguration.swift in Sources */,
				05A2C17D2E11406ABD268FC7 /* APIClient.swift in Sources */,
				53AB6BEC99B74759A14AE8B5 /* APIError.swift in Sources */,
				8DF32C475B944A1C9B2F7F65 /* APIRequest.swift in Sources */,
				589CAC0FAB614D878421A8DA /* KeychainManager.swift in Sources */,
				A760D7CFA2744591BAFC2165 /* BiometricManager.swift in Sources */,
				4AC0A6C45C634F348FCB7490 /* AppSession.swift in Sources */,
				D25BB8183A5F482BB8549434 /* User.swift in Sources */,
				1ABB979E6235468FA8E87098 /* AuthModels.swift in Sources */,
				AABE7D23D9894364A342991C /* AuthService.swift in Sources */,
				BD37BA0920B2422A94EB96BC /* AuthViewModel.swift in Sources */,
				0CEEC3CE24E9431182D18E90 /* LoginView.swift in Sources */,
				FE9E0F16B57E497285D729AF /* TwoFactorView.swift in Sources */,
				94719B8A7C844593ADB460C0 /* ForgotPasswordView.swift in Sources */,
				9B62BE05BBA2412AB12E30BA /* MainTabView.swift in Sources */,
				7FB261BC300A4D7E995FAF58 /* DashboardPlaceholderView.swift in Sources */,
				37BCCC56B5954678B0424AA6 /* PaymentsPlaceholderView.swift in Sources */,
				9D51EEDE5E9C4FA3BD03F793 /* TransactionsPlaceholderView.swift in Sources */,
				26709C7A71AB4EC58863C314 /* WalletPlaceholderView.swift in Sources */,
				3517C9A00BB947288B321971 /* SettingsPlaceholderView.swift in Sources */,
				16622DDF2CE441D9B5F8D488 /* Colors.swift in Sources */,
				4328660FBBFF49F888B66B3E /* Typography.swift in Sources */,
				FBDCEEECA77042C9BC0F641F /* Spacing.swift in Sources */,
				60943343DADE4F0A85367EC5 /* PrimaryButton.swift in Sources */,
				D6491D6E74384DD29F31E8BE /* SecondaryButton.swift in Sources */,
				B8B44005BF0244729DEFDAD5 /* Card.swift in Sources */,
				DA214019447E4E549863918F /* TropaymentTextField.swift in Sources */,
				B806B6FEF65C417C8BEC9C6E /* LoadingView.swift in Sources */,
				6A2800A9DA904E4BB70086D6 /* ErrorView.swift in Sources */,
				B5B9C0590C02450CAC90BA7C /* EmptyState.swift in Sources */,
				5AEE3594FC074D0194CF0111 /* StatusBadge.swift in Sources */,
			);
			runOnlyForDeploymentPostprocessing = 0;
		};
/* End PBXSourcesBuildPhase section */

/* Begin XCBuildConfiguration section */
		F174210608C943E7B8DAE8C2 /* Debug */ = {
			isa = XCBuildConfiguration;
			buildSettings = {
				ALWAYS_SEARCH_USER_PATHS = NO;
				CLANG_ENABLE_MODULES = YES;
				COPY_PHASE_STRIP = NO;
				DEBUG_INFORMATION_FORMAT = dwarf;
				ENABLE_TESTABILITY = YES;
				GCC_DYNAMIC_NO_PIC = NO;
				GCC_OPTIMIZATION_LEVEL = 0;
				GCC_PREPROCESSOR_DEFINITIONS = ("DEBUG=1", "$(inherited)");
				IPHONEOS_DEPLOYMENT_TARGET = 16.0;
				MTL_ENABLE_DEBUG_INFO = INCLUDE_SOURCE;
				ONLY_ACTIVE_ARCH = YES;
				SDKROOT = iphoneos;
				SWIFT_ACTIVE_COMPILATION_CONDITIONS = DEBUG;
				SWIFT_OPTIMIZATION_LEVEL = "-Onone";
			};
			name = Debug;
		};
		C755F396B99A4E1C9C60F792 /* Release */ = {
			isa = XCBuildConfiguration;
			buildSettings = {
				ALWAYS_SEARCH_USER_PATHS = NO;
				CLANG_ENABLE_MODULES = YES;
				COPY_PHASE_STRIP = NO;
				DEBUG_INFORMATION_FORMAT = "dwarf-with-dsym";
				ENABLE_NS_ASSERTIONS = NO;
				IPHONEOS_DEPLOYMENT_TARGET = 16.0;
				MTL_ENABLE_DEBUG_INFO = NO;
				SDKROOT = iphoneos;
				SWIFT_COMPILATION_MODE = wholemodule;
				VALIDATE_PRODUCT = YES;
			};
			name = Release;
		};
		8C99C83A2A2545C49B498763 /* Debug */ = {
			isa = XCBuildConfiguration;
			buildSettings = {

				ASSETCATALOG_COMPILER_APPICON_NAME = AppIcon;
				ASSETCATALOG_COMPILER_GLOBAL_ACCENT_COLOR_NAME = AccentColor;
				CODE_SIGN_STYLE = Automatic;
				CURRENT_PROJECT_VERSION = 1;
				DEVELOPMENT_TEAM = "";
				ENABLE_PREVIEWS = YES;
				GENERATE_INFOPLIST_FILE = YES;
				INFOPLIST_KEY_CFBundleDisplayName = "tropayment Merchant";
				INFOPLIST_KEY_LSApplicationCategoryType = "public.app-category.finance";
				INFOPLIST_KEY_NSFaceIDUsageDescription = "Unlock your merchant session with Face ID.";
				INFOPLIST_KEY_UIApplicationSceneManifest_Generation = YES;
				INFOPLIST_KEY_UILaunchScreen_Generation = YES;
				INFOPLIST_KEY_UISupportedInterfaceOrientations = "UIInterfaceOrientationPortrait UIInterfaceOrientationLandscapeLeft UIInterfaceOrientationLandscapeRight";
				INFOPLIST_KEY_UISupportedInterfaceOrientations_iPad = "UIInterfaceOrientationPortrait UIInterfaceOrientationPortraitUpsideDown UIInterfaceOrientationLandscapeLeft UIInterfaceOrientationLandscapeRight";
				LD_RUNPATH_SEARCH_PATHS = ("$(inherited)", "@executable_path/Frameworks");
				MARKETING_VERSION = 1.0.0;
				PRODUCT_BUNDLE_IDENTIFIER = com.tropayment.merchant;
				PRODUCT_NAME = "$(TARGET_NAME)";
				SWIFT_EMIT_LOC_STRINGS = YES;
				IPHONEOS_DEPLOYMENT_TARGET = 16.0;
				SWIFT_STRICT_CONCURRENCY = minimal;
				SWIFT_VERSION = 5.0;
				TARGETED_DEVICE_FAMILY = "1,2";

			};
			name = Debug;
		};
		F162A2DCA81B4A8381C8ADD0 /* Release */ = {
			isa = XCBuildConfiguration;
			buildSettings = {

				ASSETCATALOG_COMPILER_APPICON_NAME = AppIcon;
				ASSETCATALOG_COMPILER_GLOBAL_ACCENT_COLOR_NAME = AccentColor;
				CODE_SIGN_STYLE = Automatic;
				CURRENT_PROJECT_VERSION = 1;
				DEVELOPMENT_TEAM = "";
				ENABLE_PREVIEWS = YES;
				GENERATE_INFOPLIST_FILE = YES;
				INFOPLIST_KEY_CFBundleDisplayName = "tropayment Merchant";
				INFOPLIST_KEY_LSApplicationCategoryType = "public.app-category.finance";
				INFOPLIST_KEY_NSFaceIDUsageDescription = "Unlock your merchant session with Face ID.";
				INFOPLIST_KEY_UIApplicationSceneManifest_Generation = YES;
				INFOPLIST_KEY_UILaunchScreen_Generation = YES;
				INFOPLIST_KEY_UISupportedInterfaceOrientations = "UIInterfaceOrientationPortrait UIInterfaceOrientationLandscapeLeft UIInterfaceOrientationLandscapeRight";
				INFOPLIST_KEY_UISupportedInterfaceOrientations_iPad = "UIInterfaceOrientationPortrait UIInterfaceOrientationPortraitUpsideDown UIInterfaceOrientationLandscapeLeft UIInterfaceOrientationLandscapeRight";
				LD_RUNPATH_SEARCH_PATHS = ("$(inherited)", "@executable_path/Frameworks");
				MARKETING_VERSION = 1.0.0;
				PRODUCT_BUNDLE_IDENTIFIER = com.tropayment.merchant;
				PRODUCT_NAME = "$(TARGET_NAME)";
				SWIFT_EMIT_LOC_STRINGS = YES;
				IPHONEOS_DEPLOYMENT_TARGET = 16.0;
				SWIFT_STRICT_CONCURRENCY = minimal;
				SWIFT_VERSION = 5.0;
				TARGETED_DEVICE_FAMILY = "1,2";

			};
			name = Release;
		};
/* End XCBuildConfiguration section */

/* Begin XCConfigurationList section */
		519B204378B448BF9ED7470D /* Build configuration list for PBXProject "TropaymentMerchant" */ = {
			isa = XCConfigurationList;
			buildConfigurations = (
				F174210608C943E7B8DAE8C2 /* Debug */,
				C755F396B99A4E1C9C60F792 /* Release */,
			);
			defaultConfigurationIsVisible = 0;
			defaultConfigurationName = Release;
		};
		2B87EA8A8721484897E2215B /* Build configuration list for PBXNativeTarget "TropaymentMerchant" */ = {
			isa = XCConfigurationList;
			buildConfigurations = (
				8C99C83A2A2545C49B498763 /* Debug */,
				F162A2DCA81B4A8381C8ADD0 /* Release */,
			);
			defaultConfigurationIsVisible = 0;
			defaultConfigurationName = Release;
		};
/* End XCConfigurationList section */
	};
	rootObject = 3DA82CB44D6D4408BDB4C7D7 /* Project object */;
}
